
Microsoft Visual Studio Solution File, Format Version 12.00
# Visual Studio Version 17
VisualStudioVersion = 17.4.33213.308
MinimumVisualStudioVersion = 10.0.40219.1
Project("{FAE04EC0-301F-11D3-BF4B-00C04F79EFBC}") = "DBD_Comp_StoredProcedures", "DBD_Comp_StoredProcedures\DBD_Comp_StoredProcedures.csproj", "{759CEBFF-10CD-43A2-9408-4627D9D7BC56}"
EndProject
Global
	GlobalSection(SolutionConfigurationPlatforms) = preSolution
		Debug|Any CPU = Debug|Any CPU
		Release|Any CPU = Release|Any CPU
	EndGlobalSection
	GlobalSection(ProjectConfigurationPlatforms) = postSolution
		{759CEBFF-10CD-43A2-9408-4627D9D7BC56}.Debug|Any CPU.ActiveCfg = Debug|Any CPU
		{759CEBFF-10CD-43A2-9408-4627D9D7BC56}.Debug|Any CPU.Build.0 = Debug|Any CPU
		{759CEBFF-10CD-43A2-9408-4627D9D7BC56}.Release|Any CPU.ActiveCfg = Release|Any CPU
		{759CEBFF-10CD-43A2-9408-4627D9D7BC56}.Release|Any CPU.Build.0 = Release|Any CPU
	EndGlobalSection
	GlobalSection(SolutionProperties) = preSolution
		HideSolutionNode = FALSE
	EndGlobalSection
	GlobalSection(ExtensibilityGlobals) = postSolution
		SolutionGuid = {81EB021A-CA82-40AC-B10C-9E0A1FDFF26D}
	EndGlobalSection
EndGlobal
